
Microsoft Visual Studio Solution File, Format Version 12.00
# Visual Studio Version 16
VisualStudioVersion = 16.0.31702.278
MinimumVisualStudioVersion = 10.0.40219.1
Project("{FAE04EC0-301F-11D3-BF4B-00C04F79EFBC}") = "Task eded", "Task eded\Task eded.csproj", "{1E2A8BDF-5E61-4471-AFBD-0FE17D934BDF}"
EndProject
Global
	GlobalSection(SolutionConfigurationPlatforms) = preSolution
		Debug|Any CPU = Debug|Any CPU
		Release|Any CPU = Release|Any CPU
	EndGlobalSection
	GlobalSection(ProjectConfigurationPlatforms) = postSolution
		{1E2A8BDF-5E61-4471-AFBD-0FE17D934BDF}.Debug|Any CPU.ActiveCfg = Debug|Any CPU
		{1E2A8BDF-5E61-4471-AFBD-0FE17D934BDF}.Debug|Any CPU.Build.0 = Debug|Any CPU
		{1E2A8BDF-5E61-4471-AFBD-0FE17D934BDF}.Release|Any CPU.ActiveCfg = Release|Any CPU
		{1E2A8BDF-5E61-4471-AFBD-0FE17D934BDF}.Release|Any CPU.Build.0 = Release|Any CPU
	EndGlobalSection
	GlobalSection(SolutionProperties) = preSolution
		HideSolutionNode = FALSE
	EndGlobalSection
	GlobalSection(ExtensibilityGlobals) = postSolution
		SolutionGuid = {37E7C263-3400-4D0D-851B-42ADC5EF3B5E}
	EndGlobalSection
EndGlobal
